
Microsoft Visual Studio Solution File, Format Version 12.00
# Visual Studio Version 16
VisualStudioVersion = 16.0.31624.102
MinimumVisualStudioVersion = 10.0.40219.1
Project("{FAE04EC0-301F-11D3-BF4B-00C04F79EFBC}") = "Calculadora", "Calculadora.csproj", "{455FC7E5-67F8-4560-B7AC-8A18E30C1580}"
EndProject
Global
	GlobalSection(SolutionConfigurationPlatforms) = preSolution
		Debug|Any CPU = Debug|Any CPU
		Release|Any CPU = Release|Any CPU
	EndGlobalSection
	GlobalSection(ProjectConfigurationPlatforms) = postSolution
		{455FC7E5-67F8-4560-B7AC-8A18E30C1580}.Debug|Any CPU.ActiveCfg = Debug|Any CPU
		{455FC7E5-67F8-4560-B7AC-8A18E30C1580}.Debug|Any CPU.Build.0 = Debug|Any CPU
		{455FC7E5-67F8-4560-B7AC-8A18E30C1580}.Release|Any CPU.ActiveCfg = Release|Any CPU
		{455FC7E5-67F8-4560-B7AC-8A18E30C1580}.Release|Any CPU.Build.0 = Release|Any CPU
	EndGlobalSection
	GlobalSection(SolutionProperties) = preSolution
		HideSolutionNode = FALSE
	EndGlobalSection
	GlobalSection(ExtensibilityGlobals) = postSolution
		SolutionGuid = {7ECBE124-EB64-448B-A9A7-605189B4EAF6}
	EndGlobalSection
EndGlobal
